
Microsoft Visual Studio Solution File, Format Version 12.00
# Visual Studio 15
VisualStudioVersion = 15.0.28307.779
MinimumVisualStudioVersion = 10.0.40219.1
Project("{FAE04EC0-301F-11D3-BF4B-00C04F79EFBC}") = "LAB_11", "LAB_11\LAB_11.csproj", "{CE94DB81-DB43-48F4-A3F6-123882FCA5AD}"
EndProject
Global
	GlobalSection(SolutionConfigurationPlatforms) = preSolution
		Debug|Any CPU = Debug|Any CPU
		Release|Any CPU = Release|Any CPU
	EndGlobalSection
	GlobalSection(ProjectConfigurationPlatforms) = postSolution
		{CE94DB81-DB43-48F4-A3F6-123882FCA5AD}.Debug|Any CPU.ActiveCfg = Debug|Any CPU
		{CE94DB81-DB43-48F4-A3F6-123882FCA5AD}.Debug|Any CPU.Build.0 = Debug|Any CPU
		{CE94DB81-DB43-48F4-A3F6-123882FCA5AD}.Release|Any CPU.ActiveCfg = Release|Any CPU
		{CE94DB81-DB43-48F4-A3F6-123882FCA5AD}.Release|Any CPU.Build.0 = Release|Any CPU
	EndGlobalSection
	GlobalSection(SolutionProperties) = preSolution
		HideSolutionNode = FALSE
	EndGlobalSection
	GlobalSection(ExtensibilityGlobals) = postSolution
		SolutionGuid = {792EE4E0-3666-4043-8F3B-13056EA1020E}
	EndGlobalSection
EndGlobal
